{
    "_meta": {
        "hash": {
            "sha256": "5b124518c413f33404e6f5bf8ce6b460f0f9d1958121ef4992c74e7e6df57517"
        },
        "pipfile-spec": 6,
        "requires": {
            "python_version": "3.7"
        },
        "sources": [
            {
                "name": "pypi",
                "url": "https://pypi.org/simple",
                "verify_ssl": true
            }
        ]
    },
    "default": {
        "appdirs": {
            "hashes": [
                "sha256:7d5d0167b2b1ba821647616af46a749d1c653740dd0d2415100fe26e27afdf41",
                "sha256:a841dacd6b99318a741b166adb07e19ee71a274450e68237b4650ca1055ab128"
            ],
            "version": "==1.4.4"
        },
        "argparse": {
            "hashes": [
                "sha256:62b089a55be1d8949cd2bc7e0df0bddb9e028faefc8c32038cc84862aefdd6e4",
                "sha256:c31647edb69fd3d465a847ea3157d37bed1f95f19760b11a47aa91c04b666314"
            ],
            "index": "pypi",
            "version": "==1.4.0"
        },
        "attrs": {
            "hashes": [
                "sha256:31b2eced602aa8423c2aea9c76a724617ed67cf9513173fd3a4f03e3a929c7e6",
                "sha256:832aa3cde19744e49938b91fea06d69ecb9e649c93ba974535d08ad92164f700"
            ],
            "version": "==20.3.0"
        },
        "black": {
            "hashes": [
                "sha256:09a9dcb7c46ed496a9850b76e4e825d6049ecd38b611f1224857a79bd985a8cf",
                "sha256:68950ffd4d9169716bcb8719a56c07a2f4485354fec061cdd5910aa07369731c"
            ],
            "index": "pypi",
            "version": "==19.3b0"
        },
        "click": {
            "hashes": [
                "sha256:06b3a46da3b40f4bbe19b8ea5ba9a34e7925913a9b51608ff0c1d78ef0b814b4",
                "sha256:7340a8666a3e2eff5f2ee778c2d06b606ce9891a61b2ee315e0a3994ffd2226a"
            ],
            "version": "==8.0.0rc1"
        },
        "gensim": {
            "hashes": [
                "sha256:025f5c72baf0ec64deb9c61c8d4d9269f4ec12913b968774d22cc0b046f9bfbc",
                "sha256:1ea2d798aae1cb80d886812a1470a5a1d5c92b7f3665fe00cd571e62dcb74f1c",
                "sha256:388ad255dd82da921665c344a443bf0c396c4e7789196f88882c450b3f172253",
                "sha256:577d01923b8b23bd970dc05b67da490d446dcdb8d7b275ab664100fe54a3428c",
                "sha256:58dfc3a6e84e567bb5fcc08ea37ece9609ee6a75e4deee1e6b1dbcd1703f2c9e",
                "sha256:6a5e892f393f80ffb2758edc8896257028923e2fad1529b5fce7af4614322faa",
                "sha256:9da690b4b1b2297053210f3779db5cb1b6f935a3077c4473c848677b7e4c2e00",
                "sha256:c16a07fbf7e6b9bb8afdf03b33d6543ac83812f036f4a25da3d4ad82eedb47cd",
                "sha256:c2c6042d5116ef5760fc6794b9c7219bcf7780dfd543dc099bb9501e6c1f2fdd",
                "sha256:cf0bce0062eade9980a95a33726c537fdb8819e08c4aec65efae937b1669873e",
                "sha256:d87f0b8b895416ce013c14eec19fa1096a80970547919d0f1a0d903dab63adb1",
                "sha256:e13fef16faf50d462ea970fd9f454f7528d08395c1a0cf81bcbf97f89f03f674",
                "sha256:ec5de7ff2bfa8692fa96a846bb5aae52f267fc322fbbe303c1f042d258af5766",
                "sha256:ee338476ae4f33e496555bdc6045d6c27a23da6d7340068b6b9056769e897896",
                "sha256:f40312189e57c4a6f1583836186d99a268b825c3f947de3862b595b2ff6baf8e"
            ],
            "index": "pypi",
            "version": "==3.8.0"
        },
        "numpy": {
            "hashes": [
                "sha256:2428b109306075d89d21135bdd6b785f132a1f5a3260c371cee1fae427e12727",
                "sha256:377751954da04d4a6950191b20539066b4e19e3b559d4695399c5e8e3e683bf6",
                "sha256:4703b9e937df83f5b6b7447ca5912b5f5f297aba45f91dbbbc63ff9278c7aa98",
                "sha256:471c0571d0895c68da309dacee4e95a0811d0a9f9f532a48dc1bea5f3b7ad2b7",
                "sha256:61d5b4cf73622e4d0c6b83408a16631b670fc045afd6540679aa35591a17fe6d",
                "sha256:6c915ee7dba1071554e70a3664a839fbc033e1d6528199d4621eeaaa5487ccd2",
                "sha256:6e51e417d9ae2e7848314994e6fc3832c9d426abce9328cf7571eefceb43e6c9",
                "sha256:719656636c48be22c23641859ff2419b27b6bdf844b36a2447cb39caceb00935",
                "sha256:780ae5284cb770ade51d4b4a7dce4faa554eb1d88a56d0e8b9f35fca9b0270ff",
                "sha256:878922bf5ad7550aa044aa9301d417e2d3ae50f0f577de92051d739ac6096cee",
                "sha256:924dc3f83de20437de95a73516f36e09918e9c9c18d5eac520062c49191025fb",
                "sha256:97ce8b8ace7d3b9288d88177e66ee75480fb79b9cf745e91ecfe65d91a856042",
                "sha256:9c0fab855ae790ca74b27e55240fe4f2a36a364a3f1ebcfd1fb5ac4088f1cec3",
                "sha256:9cab23439eb1ebfed1aaec9cd42b7dc50fc96d5cd3147da348d9161f0501ada5",
                "sha256:a8e6859913ec8eeef3dbe9aed3bf475347642d1cdd6217c30f28dee8903528e6",
                "sha256:aa046527c04688af680217fffac61eec2350ef3f3d7320c07fd33f5c6e7b4d5f",
                "sha256:abc81829c4039e7e4c30f7897938fa5d4916a09c2c7eb9b244b7a35ddc9656f4",
                "sha256:bad70051de2c50b1a6259a6df1daaafe8c480ca98132da98976d8591c412e737",
                "sha256:c73a7975d77f15f7f68dacfb2bca3d3f479f158313642e8ea9058eea06637931",
                "sha256:d15007f857d6995db15195217afdbddfcd203dfaa0ba6878a2f580eaf810ecd6",
                "sha256:d76061ae5cab49b83a8cf3feacefc2053fac672728802ac137dd8c4123397677",
                "sha256:e8e4fbbb7e7634f263c5b0150a629342cc19b47c5eba8d1cd4363ab3455ab576",
                "sha256:e9459f40244bb02b2f14f6af0cd0732791d72232bbb0dc4bab57ef88e75f6935",
                "sha256:edb1f041a9146dcf02cd7df7187db46ab524b9af2515f392f337c7cbbf5b52cd"
            ],
            "version": "==1.20.2"
        },
        "scipy": {
            "hashes": [
                "sha256:01b38dec7e9f897d4db04f8de4e20f0f5be3feac98468188a0f47a991b796055",
                "sha256:10dbcc7de03b8d635a1031cb18fd3eaa997969b64fdf78f99f19ac163a825445",
                "sha256:19aeac1ad3e57338723f4657ac8520f41714804568f2e30bd547d684d72c392e",
                "sha256:1b21c6e0dc97b1762590b70dee0daddb291271be0580384d39f02c480b78290a",
                "sha256:1caade0ede6967cc675e235c41451f9fb89ae34319ddf4740194094ab736b88d",
                "sha256:23995dfcf269ec3735e5a8c80cfceaf384369a47699df111a6246b83a55da582",
                "sha256:2a799714bf1f791fb2650d73222b248d18d53fd40d6af2df2c898db048189606",
                "sha256:3274ce145b5dc416c49c0cf8b6119f787f0965cd35e22058fe1932c09fe15d77",
                "sha256:33d1677d46111cfa1c84b87472a0274dde9ef4a7ef2e1f155f012f5f1e995d8f",
                "sha256:44d452850f77e65e25b1eb1ac01e25770323a782bfe3a1a3e43847ad4266d93d",
                "sha256:9e3302149a369697c6aaea18b430b216e3c88f9a61b62869f6104881e5f9ef85",
                "sha256:a75b014d3294fce26852a9d04ea27b5671d86736beb34acdfc05859246260707",
                "sha256:ad7269254de06743fb4768f658753de47d8b54e4672c5ebe8612a007a088bd48",
                "sha256:b30280fbc1fd8082ac822994a98632111810311a9ece71a0e48f739df3c555a2",
                "sha256:b79104878003487e2b4639a20b9092b02e1bad07fc4cf924b495cf413748a777",
                "sha256:d449d40e830366b4c612692ad19fbebb722b6b847f78a7b701b1e0d6cda3cc13",
                "sha256:d647757373985207af3343301d89fe738d5a294435a4f2aafb04c13b4388c896",
                "sha256:f68eb46b86b2c246af99fcaa6f6e37c7a7a413e1084a794990b877f2ff71f7b6",
                "sha256:fdf606341cd798530b05705c87779606fcdfaf768a8129c348ea94441da15b04"
            ],
            "version": "==1.6.3"
        },
        "six": {
            "hashes": [
                "sha256:30639c035cdb23534cd4aa2dd52c3bf48f06e5f4a941509c8bafd8ce11080259",
                "sha256:8b74bedcbbbaca38ff6d7491d76f2b06b3592611af620f8426e82dddb04a5ced"
            ],
            "version": "==1.15.0"
        },
        "smart-open": {
            "hashes": [
                "sha256:02e5e02207d955a1f9fd924c37900ac272536bd24393ae731b6945d4f766015f",
                "sha256:ed310ac51a797051b42f9437a566ac8149a3abf8c80ab994a8bd92d96fb7cf44"
            ],
            "version": "==5.0.0"
        },
        "toml": {
            "hashes": [
                "sha256:806143ae5bfb6a3c6e736a764057db0e6a0e05e338b5630894a5f779cabb4f9b",
                "sha256:b3bda1d108d5dd99f4a20d24d9c348e91c4db7ab1b749200bded2f839ccbe68f"
            ],
            "version": "==0.10.2"
        },
        "tqdm": {
            "hashes": [
                "sha256:14a285392c32b6f8222ecfbcd217838f88e11630affe9006cd0e94c7eff3cb61",
                "sha256:25d4c0ea02a305a688e7e9c2cdc8f862f989ef2a4701ab28ee963295f5b109ab"
            ],
            "index": "pypi",
            "version": "==4.32.2"
        },
        "urllib3": {
            "hashes": [
                "sha256:2f3db8b19923a873b3e5256dc9c2dedfa883e33d87c690d9c7913e1f40673cdc",
                "sha256:87716c2d2a7121198ebcb7ce7cccf6ce5e9ba539041cfbaeecfb641dc0bf6acc"
            ],
            "index": "pypi",
            "version": "==1.25.8"
        }
    },
    "develop": {}
}
