{
    "_meta": {
        "hash": {
            "sha256": "5b124518c413f33404e6f5bf8ce6b460f0f9d1958121ef4992c74e7e6df57517"
        },
        "pipfile-spec": 6,
        "requires": {
            "python_version": "3.7"
        },
        "sources": [
            {
                "name": "pypi",
                "url": "https://pypi.org/simple",
                "verify_ssl": true
            }
        ]
    },
    "default": {
        "appdirs": {
            "hashes": [
                "sha256:7d5d0167b2b1ba821647616af46a749d1c653740dd0d2415100fe26e27afdf41",
                "sha256:a841dacd6b99318a741b166adb07e19ee71a274450e68237b4650ca1055ab128"
            ],
            "version": "==1.4.4"
        },
        "argparse": {
            "hashes": [
                "sha256:62b089a55be1d8949cd2bc7e0df0bddb9e028faefc8c32038cc84862aefdd6e4",
                "sha256:c31647edb69fd3d465a847ea3157d37bed1f95f19760b11a47aa91c04b666314"
            ],
            "index": "pypi",
            "version": "==1.4.0"
        },
        "attrs": {
            "hashes": [
                "sha256:149e90d6d8ac20db7a955ad60cf0e6881a3f20d37096140088356da6c716b0b1",
                "sha256:ef6aaac3ca6cd92904cdd0d83f629a15f18053ec84e6432106f7a4d04ae4f5fb"
            ],
            "version": "==21.2.0"
        },
        "black": {
            "hashes": [
                "sha256:09a9dcb7c46ed496a9850b76e4e825d6049ecd38b611f1224857a79bd985a8cf",
                "sha256:68950ffd4d9169716bcb8719a56c07a2f4485354fec061cdd5910aa07369731c"
            ],
            "index": "pypi",
            "version": "==19.3b0"
        },
        "click": {
            "hashes": [
                "sha256:8c04c11192119b1ef78ea049e0a6f0463e4c48ef00a30160c704337586f3ad7a",
                "sha256:fba402a4a47334742d782209a7c79bc448911afe1149d07bdabdf480b3e2f4b6"
            ],
            "version": "==8.0.1"
        },
        "gensim": {
            "hashes": [
                "sha256:025f5c72baf0ec64deb9c61c8d4d9269f4ec12913b968774d22cc0b046f9bfbc",
                "sha256:1ea2d798aae1cb80d886812a1470a5a1d5c92b7f3665fe00cd571e62dcb74f1c",
                "sha256:388ad255dd82da921665c344a443bf0c396c4e7789196f88882c450b3f172253",
                "sha256:577d01923b8b23bd970dc05b67da490d446dcdb8d7b275ab664100fe54a3428c",
                "sha256:58dfc3a6e84e567bb5fcc08ea37ece9609ee6a75e4deee1e6b1dbcd1703f2c9e",
                "sha256:6a5e892f393f80ffb2758edc8896257028923e2fad1529b5fce7af4614322faa",
                "sha256:9da690b4b1b2297053210f3779db5cb1b6f935a3077c4473c848677b7e4c2e00",
                "sha256:c16a07fbf7e6b9bb8afdf03b33d6543ac83812f036f4a25da3d4ad82eedb47cd",
                "sha256:c2c6042d5116ef5760fc6794b9c7219bcf7780dfd543dc099bb9501e6c1f2fdd",
                "sha256:cf0bce0062eade9980a95a33726c537fdb8819e08c4aec65efae937b1669873e",
                "sha256:d87f0b8b895416ce013c14eec19fa1096a80970547919d0f1a0d903dab63adb1",
                "sha256:e13fef16faf50d462ea970fd9f454f7528d08395c1a0cf81bcbf97f89f03f674",
                "sha256:ec5de7ff2bfa8692fa96a846bb5aae52f267fc322fbbe303c1f042d258af5766",
                "sha256:ee338476ae4f33e496555bdc6045d6c27a23da6d7340068b6b9056769e897896",
                "sha256:f40312189e57c4a6f1583836186d99a268b825c3f947de3862b595b2ff6baf8e"
            ],
            "index": "pypi",
            "version": "==3.8.0"
        },
        "importlib-metadata": {
            "hashes": [
                "sha256:960d52ba7c21377c990412aca380bf3642d734c2eaab78a2c39319f67c6a5786",
                "sha256:e592faad8de1bda9fe920cf41e15261e7131bcf266c30306eec00e8e225c1dd5"
            ],
            "markers": "python_version < '3.8'",
            "version": "==4.4.0"
        },
        "numpy": {
            "hashes": [
                "sha256:068cfc78963ce8b9dd2dc7ad1f2d5ebebc47e10103ea0166074e6bd31e78aeb8",
                "sha256:17f3ac57e19740f1c064c284ad361148be245fabbd6390bec3ffa814fb287fd6",
                "sha256:19e076e4d9b66fd63477e907ed2a4c6662bbcd5a74b2cf50a9b0753afb4ee167",
                "sha256:234fc98750ada00204ebf3acd94baea213c6f9f0ff6b097d06952f734f67e58a",
                "sha256:305aff30d8976eccf14751a1095dac0e60e0c071f1fb82e6c53948fc5b6b346c",
                "sha256:35180d82f457f0857963a486c16bd472582f217827c839dcb3a3de298b532f11",
                "sha256:438129e0d1dd03d235ae25c45b5621888d699935cf5b813d08a0bb2e7221c9d4",
                "sha256:4796c196faa5f5418ce9a8ee0e993c925755e505778e32442263422c4fe88013",
                "sha256:4c6395cc3eefdd1c9ede1c84ad8e728edfc97ea506b04b9600d4cb61c7b80cb4",
                "sha256:56d67935694d9270e0a9bcfd6b9169f81ef2c2e5e154acd57ac7afe2d48d7b29",
                "sha256:57410c33aef7b3fd4ef2e5f09f1c084a21021055c74034748b8d2957a72dad01",
                "sha256:63b3d66f5610c61d3d1b47687b99584fdf7734192344814d80f2670e0c7b05ef",
                "sha256:6ed13704d67934d458abeaacd96079bb8ae5f0ea000765777449e94288590097",
                "sha256:723fff54844d9c1e01703ed2bc177f892fd89530b7671e8191a639d799cd75b7",
                "sha256:7ada705e3e9364f874c41fc370c23247f4c1466888dfd61ac5ec9277524928c2",
                "sha256:80929da75a678433dcc8c79db94eb373408778d17fe9b49c4521501a5923a3e2",
                "sha256:8b92d27414779f568484c4a0aeddbff8e1fa9d9403cff122161fa25bc94e7f44",
                "sha256:97faf00577c74a4f4b6304c1b7f6223fb0825d1a7cfaad5601cbeadd8282cd70",
                "sha256:9abfe8ef4f8898d0448de735a3270de466553b61de8e6ddc31fc8770003fdfa4",
                "sha256:a1c3737f659085eeaab83e016569368157d8d46d6a3be317c864dadd3c28fa42",
                "sha256:a3a480ac4077c868124427456c6a64dcb7da12817bd3e770006980a4fd0d2526",
                "sha256:b58c8c1ea4b80a5cbc756a11e446eec16088ebd9e080e71a64c458f6c07cb3c7",
                "sha256:da0797286c299c426e5b6cf03ca9e1dab0dace161b64d7a1879c4d15eb12ceba",
                "sha256:dcc194082d94c45fe8a005861cdce6ec33b51c1dccf2a7e6044b33038b82f579",
                "sha256:f5e7cd7068df4aa803be68edc7c6fc5e3ed934d53a7ab1f21539fb5925e0172e",
                "sha256:ff442e4fe6e66019b2070352e0cd6e7dde994ff1267d45343b587ed621e4ec47"
            ],
            "version": "==1.21.0rc1"
        },
        "scipy": {
            "hashes": [
                "sha256:01b38dec7e9f897d4db04f8de4e20f0f5be3feac98468188a0f47a991b796055",
                "sha256:10dbcc7de03b8d635a1031cb18fd3eaa997969b64fdf78f99f19ac163a825445",
                "sha256:19aeac1ad3e57338723f4657ac8520f41714804568f2e30bd547d684d72c392e",
                "sha256:1b21c6e0dc97b1762590b70dee0daddb291271be0580384d39f02c480b78290a",
                "sha256:1caade0ede6967cc675e235c41451f9fb89ae34319ddf4740194094ab736b88d",
                "sha256:23995dfcf269ec3735e5a8c80cfceaf384369a47699df111a6246b83a55da582",
                "sha256:2a799714bf1f791fb2650d73222b248d18d53fd40d6af2df2c898db048189606",
                "sha256:3274ce145b5dc416c49c0cf8b6119f787f0965cd35e22058fe1932c09fe15d77",
                "sha256:33d1677d46111cfa1c84b87472a0274dde9ef4a7ef2e1f155f012f5f1e995d8f",
                "sha256:44d452850f77e65e25b1eb1ac01e25770323a782bfe3a1a3e43847ad4266d93d",
                "sha256:9e3302149a369697c6aaea18b430b216e3c88f9a61b62869f6104881e5f9ef85",
                "sha256:a75b014d3294fce26852a9d04ea27b5671d86736beb34acdfc05859246260707",
                "sha256:ad7269254de06743fb4768f658753de47d8b54e4672c5ebe8612a007a088bd48",
                "sha256:b30280fbc1fd8082ac822994a98632111810311a9ece71a0e48f739df3c555a2",
                "sha256:b79104878003487e2b4639a20b9092b02e1bad07fc4cf924b495cf413748a777",
                "sha256:d449d40e830366b4c612692ad19fbebb722b6b847f78a7b701b1e0d6cda3cc13",
                "sha256:d647757373985207af3343301d89fe738d5a294435a4f2aafb04c13b4388c896",
                "sha256:f68eb46b86b2c246af99fcaa6f6e37c7a7a413e1084a794990b877f2ff71f7b6",
                "sha256:fdf606341cd798530b05705c87779606fcdfaf768a8129c348ea94441da15b04"
            ],
            "version": "==1.6.3"
        },
        "six": {
            "hashes": [
                "sha256:1e61c37477a1626458e36f7b1d82aa5c9b094fa4802892072e49de9c60c4c926",
                "sha256:8abb2f1d86890a2dfb989f9a77cfcfd3e47c2a354b01111771326f8aa26e0254"
            ],
            "version": "==1.16.0"
        },
        "smart-open": {
            "hashes": [
                "sha256:2059b07f530c8c9e2158e4e1575309aacb74bd813da2325c1f348015d04f3bd6",
                "sha256:e4dc1350b240ef0759e343e4e2f361bfd4e5477bb2619866e97f80240652e92e"
            ],
            "version": "==5.1.0"
        },
        "toml": {
            "hashes": [
                "sha256:806143ae5bfb6a3c6e736a764057db0e6a0e05e338b5630894a5f779cabb4f9b",
                "sha256:b3bda1d108d5dd99f4a20d24d9c348e91c4db7ab1b749200bded2f839ccbe68f"
            ],
            "version": "==0.10.2"
        },
        "tqdm": {
            "hashes": [
                "sha256:14a285392c32b6f8222ecfbcd217838f88e11630affe9006cd0e94c7eff3cb61",
                "sha256:25d4c0ea02a305a688e7e9c2cdc8f862f989ef2a4701ab28ee963295f5b109ab"
            ],
            "index": "pypi",
            "version": "==4.32.2"
        },
        "typing-extensions": {
            "hashes": [
                "sha256:0ac0f89795dd19de6b97debb0c6af1c70987fd80a2d62d1958f7e56fcc31b497",
                "sha256:50b6f157849174217d0656f99dc82fe932884fb250826c18350e159ec6cdf342",
                "sha256:779383f6086d90c99ae41cf0ff39aac8a7937a9283ce0a414e5dd782f4c94a84"
            ],
            "markers": "python_version < '3.8'",
            "version": "==3.10.0.0"
        },
        "urllib3": {
            "hashes": [
                "sha256:753a0374df26658f99d826cfe40394a686d05985786d946fbe4165b5148f5a7c",
                "sha256:a7acd0977125325f516bda9735fa7142b909a8d01e8b2e4c8108d0984e6e0098"
            ],
            "index": "pypi",
            "version": "==1.26.5"
        },
        "zipp": {
            "hashes": [
                "sha256:3607921face881ba3e026887d8150cca609d517579abe052ac81fc5aeffdbd76",
                "sha256:51cb66cc54621609dd593d1787f286ee42a5c0adbb4b29abea5a63edc3e03098"
            ],
            "version": "==3.4.1"
        }
    },
    "develop": {}
}
